// !$*UTF8*$!
{
	archiveVersion = 1;
	classes = {
	};
	objectVersion = 56;
	objects = {

/* Begin PBXBuildFile section */
		6B3733B32BF074C600A97CC8 /* User.swift in Sources */ = {isa = PBXBuildFile; fileRef = 6B3733B22BF074C600A97CC8 /* User.swift */; };
		6B3733B92BF0801C00A97CC8 /* UserModel.swift in Sources */ = {isa = PBXBuildFile; fileRef = 6B3733B82BF0801C00A97CC8 /* UserModel.swift */; };
		6B3733BB2BF0804400A97CC8 /* UserViewModel.swift in Sources */ = {isa = PBXBuildFile; fileRef = 6B3733BA2BF0804400A97CC8 /* UserViewModel.swift */; };
		6B3733BD2BF0808600A97CC8 /* ImageView.swift in Sources */ = {isa = PBXBuildFile; fileRef = 6B3733BC2BF0808600A97CC8 /* ImageView.swift */; };
		6B7912D42BEE8DE10090FE49 /* SampleAppApp.swift in Sources */ = {isa = PBXBuildFile; fileRef = 6B7912D32BEE8DE10090FE49 /* SampleAppApp.swift */; };
		6B7912D62BEE8DE10090FE49 /* ContentView.swift in Sources */ = {isa = PBXBuildFile; fileRef = 6B7912D52BEE8DE10090FE49 /* ContentView.swift */; };
		6B7912D82BEE8DE30090FE49 /* Assets.xcassets in Resources */ = {isa = PBXBuildFile; fileRef = 6B7912D72BEE8DE30090FE49 /* Assets.xcassets */; };
		6B7912DB2BEE8DE30090FE49 /* Preview Assets.xcassets in Resources */ = {isa = PBXBuildFile; fileRef = 6B7912DA2BEE8DE30090FE49 /* Preview Assets.xcassets */; };
		6B7912E52BEE8DE40090FE49 /* SampleAppTests.swift in Sources */ = {isa = PBXBuildFile; fileRef = 6B7912E42BEE8DE40090FE49 /* SampleAppTests.swift */; };
		6B7912EF2BEE8DE40090FE49 /* SampleAppUITests.swift in Sources */ = {isa = PBXBuildFile; fileRef = 6B7912EE2BEE8DE40090FE49 /* SampleAppUITests.swift */; };
		6B7912F12BEE8DE40090FE49 /* SampleAppUITestsLaunchTests.swift in Sources */ = {isa = PBXBuildFile; fileRef = 6B7912F02BEE8DE40090FE49 /* SampleAppUITestsLaunchTests.swift */; };
/* End PBXBuildFile section */

/* Begin PBXContainerItemProxy section */
		6B7912E12BEE8DE40090FE49 /* PBXContainerItemProxy */ = {
			isa = PBXContainerItemProxy;
			containerPortal = 6B7912C82BEE8DE10090FE49 /* Project object */;
			proxyType = 1;
			remoteGlobalIDString = 6B7912CF2BEE8DE10090FE49;
			remoteInfo = SampleApp;
		};
		6B7912EB2BEE8DE40090FE49 /* PBXContainerItemProxy */ = {
			isa = PBXContainerItemProxy;
			containerPortal = 6B7912C82BEE8DE10090FE49 /* Project object */;
			proxyType = 1;
			remoteGlobalIDString = 6B7912CF2BEE8DE10090FE49;
			remoteInfo = SampleApp;
		};
/* End PBXContainerItemProxy section */

/* Begin PBXFileReference section */
		6B3733B22BF074C600A97CC8 /* User.swift */ = {isa = PBXFileReference; lastKnownFileType = sourcecode.swift; path = User.swift; sourceTree = "<group>"; };
		6B3733B82BF0801C00A97CC8 /* UserModel.swift */ = {isa = PBXFileReference; lastKnownFileType = sourcecode.swift; path = UserModel.swift; sourceTree = "<group>"; };
		6B3733BA2BF0804400A97CC8 /* UserViewModel.swift */ = {isa = PBXFileReference; lastKnownFileType = sourcecode.swift; path = UserViewModel.swift; sourceTree = "<group>"; };
		6B3733BC2BF0808600A97CC8 /* ImageView.swift */ = {isa = PBXFileReference; lastKnownFileType = sourcecode.swift; path = ImageView.swift; sourceTree = "<group>"; };
		6B7912D02BEE8DE10090FE49 /* SampleApp.app */ = {isa = PBXFileReference; explicitFileType = wrapper.application; includeInIndex = 0; path = SampleApp.app; sourceTree = BUILT_PRODUCTS_DIR; };
		6B7912D32BEE8DE10090FE49 /* SampleAppApp.swift */ = {isa = PBXFileReference; lastKnownFileType = sourcecode.swift; path = SampleAppApp.swift; sourceTree = "<group>"; };
		6B7912D52BEE8DE10090FE49 /* ContentView.swift */ = {isa = PBXFileReference; lastKnownFileType = sourcecode.swift; path = ContentView.swift; sourceTree = "<group>"; };
		6B7912D72BEE8DE30090FE49 /* Assets.xcassets */ = {isa = PBXFileReference; lastKnownFileType = folder.assetcatalog; path = Assets.xcassets; sourceTree = "<group>"; };
		6B7912DA2BEE8DE30090FE49 /* Preview Assets.xcassets */ = {isa = PBXFileReference; lastKnownFileType = folder.assetcatalog; path = "Preview Assets.xcassets"; sourceTree = "<group>"; };
		6B7912E02BEE8DE40090FE49 /* SampleAppTests.xctest */ = {isa = PBXFileReference; explicitFileType = wrapper.cfbundle; includeInIndex = 0; path = SampleAppTests.xctest; sourceTree = BUILT_PRODUCTS_DIR; };
		6B7912E42BEE8DE40090FE49 /* SampleAppTests.swift */ = {isa = PBXFileReference; lastKnownFileType = sourcecode.swift; path = SampleAppTests.swift; sourceTree = "<group>"; };
		6B7912EA2BEE8DE40090FE49 /* SampleAppUITests.xctest */ = {isa = PBXFileReference; explicitFileType = wrapper.cfbundle; includeInIndex = 0; path = SampleAppUITests.xctest; sourceTree = BUILT_PRODUCTS_DIR; };
		6B7912EE2BEE8DE40090FE49 /* SampleAppUITests.swift */ = {isa = PBXFileReference; lastKnownFileType = sourcecode.swift; path = SampleAppUITests.swift; sourceTree = "<group>"; };
		6B7912F02BEE8DE40090FE49 /* SampleAppUITestsLaunchTests.swift */ = {isa = PBXFileReference; lastKnownFileType = sourcecode.swift; path = SampleAppUITestsLaunchTests.swift; sourceTree = "<group>"; };
/* End PBXFileReference section */

/* Begin PBXFrameworksBuildPhase section */
		6B7912CD2BEE8DE10090FE49 /* Frameworks */ = {
			isa = PBXFrameworksBuildPhase;
			buildActionMask = 2147483647;
			files = (
			);
			runOnlyForDeploymentPostprocessing = 0;
		};
		6B7912DD2BEE8DE40090FE49 /* Frameworks */ = {
			isa = PBXFrameworksBuildPhase;
			buildActionMask = 2147483647;
			files = (
			);
			runOnlyForDeploymentPostprocessing = 0;
		};
		6B7912E72BEE8DE40090FE49 /* Frameworks */ = {
			isa = PBXFrameworksBuildPhase;
			buildActionMask = 2147483647;
			files = (
			);
			runOnlyForDeploymentPostprocessing = 0;
		};
/* End PBXFrameworksBuildPhase section */

/* Begin PBXGroup section */
		6B3733B42BF07FD200A97CC8 /* User */ = {
			isa = PBXGroup;
			children = (
				6B3733B62BF07FE500A97CC8 /* viewModel */,
				6B3733B72BF07FEF00A97CC8 /* model */,
				6B3733B52BF07FDC00A97CC8 /* view */,
			);
			path = User;
			sourceTree = "<group>";
		};
		6B3733B52BF07FDC00A97CC8 /* view */ = {
			isa = PBXGroup;
			children = (
				6B7912D52BEE8DE10090FE49 /* ContentView.swift */,
				6B3733B22BF074C600A97CC8 /* User.swift */,
				6B3733BC2BF0808600A97CC8 /* ImageView.swift */,
			);
			path = view;
			sourceTree = "<group>";
		};
		6B3733B62BF07FE500A97CC8 /* viewModel */ = {
			isa = PBXGroup;
			children = (
				6B3733BA2BF0804400A97CC8 /* UserViewModel.swift */,
			);
			path = viewModel;
			sourceTree = "<group>";
		};
		6B3733B72BF07FEF00A97CC8 /* model */ = {
			isa = PBXGroup;
			children = (
				6B3733B82BF0801C00A97CC8 /* UserModel.swift */,
			);
			path = model;
			sourceTree = "<group>";
		};
		6B7912C72BEE8DE10090FE49 = {
			isa = PBXGroup;
			children = (
				6B7912D22BEE8DE10090FE49 /* SampleApp */,
				6B7912E32BEE8DE40090FE49 /* SampleAppTests */,
				6B7912ED2BEE8DE40090FE49 /* SampleAppUITests */,
				6B7912D12BEE8DE10090FE49 /* Products */,
			);
			sourceTree = "<group>";
		};
		6B7912D12BEE8DE10090FE49 /* Products */ = {
			isa = PBXGroup;
			children = (
				6B7912D02BEE8DE10090FE49 /* SampleApp.app */,
				6B7912E02BEE8DE40090FE49 /* SampleAppTests.xctest */,
				6B7912EA2BEE8DE40090FE49 /* SampleAppUITests.xctest */,
			);
			name = Products;
			sourceTree = "<group>";
		};
		6B7912D22BEE8DE10090FE49 /* SampleApp */ = {
			isa = PBXGroup;
			children = (
				6B7912D32BEE8DE10090FE49 /* SampleAppApp.swift */,
				6B3733B42BF07FD200A97CC8 /* User */,
				6B7912D72BEE8DE30090FE49 /* Assets.xcassets */,
				6B7912D92BEE8DE30090FE49 /* Preview Content */,
			);
			path = SampleApp;
			sourceTree = "<group>";
		};
		6B7912D92BEE8DE30090FE49 /* Preview Content */ = {
			isa = PBXGroup;
			children = (
				6B7912DA2BEE8DE30090FE49 /* Preview Assets.xcassets */,
			);
			path = "Preview Content";
			sourceTree = "<group>";
		};
		6B7912E32BEE8DE40090FE49 /* SampleAppTests */ = {
			isa = PBXGroup;
			children = (
				6B7912E42BEE8DE40090FE49 /* SampleAppTests.swift */,
			);
			path = SampleAppTests;
			sourceTree = "<group>";
		};
		6B7912ED2BEE8DE40090FE49 /* SampleAppUITests */ = {
			isa = PBXGroup;
			children = (
				6B7912EE2BEE8DE40090FE49 /* SampleAppUITests.swift */,
				6B7912F02BEE8DE40090FE49 /* SampleAppUITestsLaunchTests.swift */,
			);
			path = SampleAppUITests;
			sourceTree = "<group>";
		};
/* End PBXGroup section */

/* Begin PBXNativeTarget section */
		6B7912CF2BEE8DE10090FE49 /* SampleApp */ = {
			isa = PBXNativeTarget;
			buildConfigurationList = 6B7912F42BEE8DE40090FE49 /* Build configuration list for PBXNativeTarget "SampleApp" */;
			buildPhases = (
				6B7912CC2BEE8DE10090FE49 /* Sources */,
				6B7912CD2BEE8DE10090FE49 /* Frameworks */,
				6B7912CE2BEE8DE10090FE49 /* Resources */,
			);
			buildRules = (
			);
			dependencies = (
			);
			name = SampleApp;
			productName = SampleApp;
			productReference = 6B7912D02BEE8DE10090FE49 /* SampleApp.app */;
			productType = "com.apple.product-type.application";
		};
		6B7912DF2BEE8DE40090FE49 /* SampleAppTests */ = {
			isa = PBXNativeTarget;
			buildConfigurationList = 6B7912F72BEE8DE40090FE49 /* Build configuration list for PBXNativeTarget "SampleAppTests" */;
			buildPhases = (
				6B7912DC2BEE8DE40090FE49 /* Sources */,
				6B7912DD2BEE8DE40090FE49 /* Frameworks */,
				6B7912DE2BEE8DE40090FE49 /* Resources */,
			);
			buildRules = (
			);
			dependencies = (
				6B7912E22BEE8DE40090FE49 /* PBXTargetDependency */,
			);
			name = SampleAppTests;
			productName = SampleAppTests;
			productReference = 6B7912E02BEE8DE40090FE49 /* SampleAppTests.xctest */;
			productType = "com.apple.product-type.bundle.unit-test";
		};
		6B7912E92BEE8DE40090FE49 /* SampleAppUITests */ = {
			isa = PBXNativeTarget;
			buildConfigurationList = 6B7912FA2BEE8DE40090FE49 /* Build configuration list for PBXNativeTarget "SampleAppUITests" */;
			buildPhases = (
				6B7912E62BEE8DE40090FE49 /* Sources */,
				6B7912E72BEE8DE40090FE49 /* Frameworks */,
				6B7912E82BEE8DE40090FE49 /* Resources */,
			);
			buildRules = (
			);
			dependencies = (
				6B7912EC2BEE8DE40090FE49 /* PBXTargetDependency */,
			);
			name = SampleAppUITests;
			productName = SampleAppUITests;
			productReference = 6B7912EA2BEE8DE40090FE49 /* SampleAppUITests.xctest */;
			productType = "com.apple.product-type.bundle.ui-testing";
		};
/* End PBXNativeTarget section */

/* Begin PBXProject section */
		6B7912C82BEE8DE10090FE49 /* Project object */ = {
			isa = PBXProject;
			attributes = {
				BuildIndependentTargetsInParallel = 1;
				LastSwiftUpdateCheck = 1530;
				LastUpgradeCheck = 1530;
				TargetAttributes = {
					6B7912CF2BEE8DE10090FE49 = {
						CreatedOnToolsVersion = 15.3;
					};
					6B7912DF2BEE8DE40090FE49 = {
						CreatedOnToolsVersion = 15.3;
						TestTargetID = 6B7912CF2BEE8DE10090FE49;
					};
					6B7912E92BEE8DE40090FE49 = {
						CreatedOnToolsVersion = 15.3;
						TestTargetID = 6B7912CF2BEE8DE10090FE49;
					};
				};
			};
			buildConfigurationList = 6B7912CB2BEE8DE10090FE49 /* Build configuration list for PBXProject "SampleApp" */;
			compatibilityVersion = "Xcode 14.0";
			developmentRegion = en;
			hasScannedForEncodings = 0;
			knownRegions = (
				en,
				Base,
			);
			mainGroup = 6B7912C72BEE8DE10090FE49;
			productRefGroup = 6B7912D12BEE8DE10090FE49 /* Products */;
			projectDirPath = "";
			projectRoot = "";
			targets = (
				6B7912CF2BEE8DE10090FE49 /* SampleApp */,
				6B7912DF2BEE8DE40090FE49 /* SampleAppTests */,
				6B7912E92BEE8DE40090FE49 /* SampleAppUITests */,
			);
		};
/* End PBXProject section */

/* Begin PBXResourcesBuildPhase section */
		6B7912CE2BEE8DE10090FE49 /* Resources */ = {
			isa = PBXResourcesBuildPhase;
			buildActionMask = 2147483647;
			files = (
				6B7912DB2BEE8DE30090FE49 /* Preview Assets.xcassets in Resources */,
				6B7912D82BEE8DE30090FE49 /* Assets.xcassets in Resources */,
			);
			runOnlyForDeploymentPostprocessing = 0;
		};
		6B7912DE2BEE8DE40090FE49 /* Resources */ = {
			isa = PBXResourcesBuildPhase;
			buildActionMask = 2147483647;
			files = (
			);
			runOnlyForDeploymentPostprocessing = 0;
		};
		6B7912E82BEE8DE40090FE49 /* Resources */ = {
			isa = PBXResourcesBuildPhase;
			buildActionMask = 2147483647;
			files = (
			);
			runOnlyForDeploymentPostprocessing = 0;
		};
/* End PBXResourcesBuildPhase section */

/* Begin PBXSourcesBuildPhase section */
		6B7912CC2BEE8DE10090FE49 /* Sources */ = {
			isa = PBXSourcesBuildPhase;
			buildActionMask = 2147483647;
			files = (
				6B3733BD2BF0808600A97CC8 /* ImageView.swift in Sources */,
				6B7912D62BEE8DE10090FE49 /* ContentView.swift in Sources */,
				6B7912D42BEE8DE10090FE49 /* SampleAppApp.swift in Sources */,
				6B3733B92BF0801C00A97CC8 /* UserModel.swift in Sources */,
				6B3733BB2BF0804400A97CC8 /* UserViewModel.swift in Sources */,
				6B3733B32BF074C600A97CC8 /* User.swift in Sources */,
			);
			runOnlyForDeploymentPostprocessing = 0;
		};
		6B7912DC2BEE8DE40090FE49 /* Sources */ = {
			isa = PBXSourcesBuildPhase;
			buildActionMask = 2147483647;
			files = (
				6B7912E52BEE8DE40090FE49 /* SampleAppTests.swift in Sources */,
			);
			runOnlyForDeploymentPostprocessing = 0;
		};
		6B7912E62BEE8DE40090FE49 /* Sources */ = {
			isa = PBXSourcesBuildPhase;
			buildActionMask = 2147483647;
			files = (
				6B7912F12BEE8DE40090FE49 /* SampleAppUITestsLaunchTests.swift in Sources */,
				6B7912EF2BEE8DE40090FE49 /* SampleAppUITests.swift in Sources */,
			);
			runOnlyForDeploymentPostprocessing = 0;
		};
/* End PBXSourcesBuildPhase section */

/* Begin PBXTargetDependency section */
		6B7912E22BEE8DE40090FE49 /* PBXTargetDependency */ = {
			isa = PBXTargetDependency;
			target = 6B7912CF2BEE8DE10090FE49 /* SampleApp */;
			targetProxy = 6B7912E12BEE8DE40090FE49 /* PBXContainerItemProxy */;
		};
		6B7912EC2BEE8DE40090FE49 /* PBXTargetDependency */ = {
			isa = PBXTargetDependency;
			target = 6B7912CF2BEE8DE10090FE49 /* SampleApp */;
			targetProxy = 6B7912EB2BEE8DE40090FE49 /* PBXContainerItemProxy */;
		};
/* End PBXTargetDependency section */

/* Begin XCBuildConfiguration section */
		6B7912F22BEE8DE40090FE49 /* Debug */ = {
			isa = XCBuildConfiguration;
			buildSettings = {
				ALWAYS_SEARCH_USER_PATHS = NO;
				ASSETCATALOG_COMPILER_GENERATE_SWIFT_ASSET_SYMBOL_EXTENSIONS = YES;
				CLANG_ANALYZER_NONNULL = YES;
				CLANG_ANALYZER_NUMBER_OBJECT_CONVERSION = YES_AGGRESSIVE;
				CLANG_CXX_LANGUAGE_STANDARD = "gnu++20";
				CLANG_ENABLE_MODULES = YES;
				CLANG_ENABLE_OBJC_ARC = YES;
				CLANG_ENABLE_OBJC_WEAK = YES;
				CLANG_WARN_BLOCK_CAPTURE_AUTORELEASING = YES;
				CLANG_WARN_BOOL_CONVERSION = YES;
				CLANG_WARN_COMMA = YES;
				CLANG_WARN_CONSTANT_CONVERSION = YES;
				CLANG_WARN_DEPRECATED_OBJC_IMPLEMENTATIONS = YES;
				CLANG_WARN_DIRECT_OBJC_ISA_USAGE = YES_ERROR;
				CLANG_WARN_DOCUMENTATION_COMMENTS = YES;
				CLANG_WARN_EMPTY_BODY = YES;
				CLANG_WARN_ENUM_CONVERSION = YES;
				CLANG_WARN_INFINITE_RECURSION = YES;
				CLANG_WARN_INT_CONVERSION = YES;
				CLANG_WARN_NON_LITERAL_NULL_CONVERSION = YES;
				CLANG_WARN_OBJC_IMPLICIT_RETAIN_SELF = YES;
				CLANG_WARN_OBJC_LITERAL_CONVERSION = YES;
				CLANG_WARN_OBJC_ROOT_CLASS = YES_ERROR;
				CLANG_WARN_QUOTED_INCLUDE_IN_FRAMEWORK_HEADER = YES;
				CLANG_WARN_RANGE_LOOP_ANALYSIS = YES;
				CLANG_WARN_STRICT_PROTOTYPES = YES;
				CLANG_WARN_SUSPICIOUS_MOVE = YES;
				CLANG_WARN_UNGUARDED_AVAILABILITY = YES_AGGRESSIVE;
				CLANG_WARN_UNREACHABLE_CODE = YES;
				CLANG_WARN__DUPLICATE_METHOD_MATCH = YES;
				COPY_PHASE_STRIP = NO;
				DEBUG_INFORMATION_FORMAT = dwarf;
				ENABLE_STRICT_OBJC_MSGSEND = YES;
				ENABLE_TESTABILITY = YES;
				ENABLE_USER_SCRIPT_SANDBOXING = YES;
				GCC_C_LANGUAGE_STANDARD = gnu17;
				GCC_DYNAMIC_NO_PIC = NO;
				GCC_NO_COMMON_BLOCKS = YES;
				GCC_OPTIMIZATION_LEVEL = 0;
				GCC_PREPROCESSOR_DEFINITIONS = (
					"DEBUG=1",
					"$(inherited)",
				);
				GCC_WARN_64_TO_32_BIT_CONVERSION = YES;
				GCC_WARN_ABOUT_RETURN_TYPE = YES_ERROR;
				GCC_WARN_UNDECLARED_SELECTOR = YES;
				GCC_WARN_UNINITIALIZED_AUTOS = YES_AGGRESSIVE;
				GCC_WARN_UNUSED_FUNCTION = YES;
				GCC_WARN_UNUSED_VARIABLE = YES;
				IPHONEOS_DEPLOYMENT_TARGET = 17.4;
				LOCALIZATION_PREFERS_STRING_CATALOGS = YES;
				MTL_ENABLE_DEBUG_INFO = INCLUDE_SOURCE;
				MTL_FAST_MATH = YES;
				ONLY_ACTIVE_ARCH = YES;
				SDKROOT = iphoneos;
				SWIFT_ACTIVE_COMPILATION_CONDITIONS = "DEBUG $(inherited)";
				SWIFT_OPTIMIZATION_LEVEL = "-Onone";
			};
			name = Debug;
		};
		6B7912F32BEE8DE40090FE49 /* Release */ = {
			isa = XCBuildConfiguration;
			buildSettings = {
				ALWAYS_SEARCH_USER_PATHS = NO;
				ASSETCATALOG_COMPILER_GENERATE_SWIFT_ASSET_SYMBOL_EXTENSIONS = YES;
				CLANG_ANALYZER_NONNULL = YES;
				CLANG_ANALYZER_NUMBER_OBJECT_CONVERSION = YES_AGGRESSIVE;
				CLANG_CXX_LANGUAGE_STANDARD = "gnu++20";
				CLANG_ENABLE_MODULES = YES;
				CLANG_ENABLE_OBJC_ARC = YES;
				CLANG_ENABLE_OBJC_WEAK = YES;
				CLANG_WARN_BLOCK_CAPTURE_AUTORELEASING = YES;
				CLANG_WARN_BOOL_CONVERSION = YES;
				CLANG_WARN_COMMA = YES;
				CLANG_WARN_CONSTANT_CONVERSION = YES;
				CLANG_WARN_DEPRECATED_OBJC_IMPLEMENTATIONS = YES;
				CLANG_WARN_DIRECT_OBJC_ISA_USAGE = YES_ERROR;
				CLANG_WARN_DOCUMENTATION_COMMENTS = YES;
				CLANG_WARN_EMPTY_BODY = YES;
				CLANG_WARN_ENUM_CONVERSION = YES;
				CLANG_WARN_INFINITE_RECURSION = YES;
				CLANG_WARN_INT_CONVERSION = YES;
				CLANG_WARN_NON_LITERAL_NULL_CONVERSION = YES;
				CLANG_WARN_OBJC_IMPLICIT_RETAIN_SELF = YES;
				CLANG_WARN_OBJC_LITERAL_CONVERSION = YES;
				CLANG_WARN_OBJC_ROOT_CLASS = YES_ERROR;
				CLANG_WARN_QUOTED_INCLUDE_IN_FRAMEWORK_HEADER = YES;
				CLANG_WARN_RANGE_LOOP_ANALYSIS = YES;
				CLANG_WARN_STRICT_PROTOTYPES = YES;
				CLANG_WARN_SUSPICIOUS_MOVE = YES;
				CLANG_WARN_UNGUARDED_AVAILABILITY = YES_AGGRESSIVE;
				CLANG_WARN_UNREACHABLE_CODE = YES;
				CLANG_WARN__DUPLICATE_METHOD_MATCH = YES;
				COPY_PHASE_STRIP = NO;
				DEBUG_INFORMATION_FORMAT = "dwarf-with-dsym";
				ENABLE_NS_ASSERTIONS = NO;
				ENABLE_STRICT_OBJC_MSGSEND = YES;
				ENABLE_USER_SCRIPT_SANDBOXING = YES;
				GCC_C_LANGUAGE_STANDARD = gnu17;
				GCC_NO_COMMON_BLOCKS = YES;
				GCC_WARN_64_TO_32_BIT_CONVERSION = YES;
				GCC_WARN_ABOUT_RETURN_TYPE = YES_ERROR;
				GCC_WARN_UNDECLARED_SELECTOR = YES;
				GCC_WARN_UNINITIALIZED_AUTOS = YES_AGGRESSIVE;
				GCC_WARN_UNUSED_FUNCTION = YES;
				GCC_WARN_UNUSED_VARIABLE = YES;
				IPHONEOS_DEPLOYMENT_TARGET = 17.4;
				LOCALIZATION_PREFERS_STRING_CATALOGS = YES;
				MTL_ENABLE_DEBUG_INFO = NO;
				MTL_FAST_MATH = YES;
				SDKROOT = iphoneos;
				SWIFT_COMPILATION_MODE = wholemodule;
				VALIDATE_PRODUCT = YES;
			};
			name = Release;
		};
		6B7912F52BEE8DE40090FE49 /* Debug */ = {
			isa = XCBuildConfiguration;
			buildSettings = {
				ASSETCATALOG_COMPILER_APPICON_NAME = AppIcon;
				ASSETCATALOG_COMPILER_GLOBAL_ACCENT_COLOR_NAME = AccentColor;
				CODE_SIGN_STYLE = Automatic;
				CURRENT_PROJECT_VERSION = 1;
				DEVELOPMENT_ASSET_PATHS = "\"SampleApp/Preview Content\"";
				DEVELOPMENT_TEAM = DUWJQ89TKW;
				ENABLE_PREVIEWS = YES;
				GENERATE_INFOPLIST_FILE = YES;
				INFOPLIST_KEY_NSBluetoothAlwaysUsageDescription = "Allow for Bluetooth use";
				INFOPLIST_KEY_NSBluetoothPeripheralUsageDescription = "please allow using Bluetooth for discovering periperals";
				INFOPLIST_KEY_UIApplicationSceneManifest_Generation = YES;
				INFOPLIST_KEY_UIApplicationSupportsIndirectInputEvents = YES;
				INFOPLIST_KEY_UILaunchScreen_Generation = YES;
				INFOPLIST_KEY_UISupportedInterfaceOrientations_iPad = "UIInterfaceOrientationPortrait UIInterfaceOrientationPortraitUpsideDown UIInterfaceOrientationLandscapeLeft UIInterfaceOrientationLandscapeRight";
				INFOPLIST_KEY_UISupportedInterfaceOrientations_iPhone = "UIInterfaceOrientationPortrait UIInterfaceOrientationLandscapeLeft UIInterfaceOrientationLandscapeRight";
				LD_RUNPATH_SEARCH_PATHS = (
					"$(inherited)",
					"@executable_path/Frameworks",
				);
				MARKETING_VERSION = 1.0;
				PRODUCT_BUNDLE_IDENTIFIER = sample.com.SampleApp;
				PRODUCT_NAME = "$(TARGET_NAME)";
				SWIFT_EMIT_LOC_STRINGS = YES;
				SWIFT_VERSION = 5.0;
				TARGETED_DEVICE_FAMILY = "1,2";
			};
			name = Debug;
		};
		6B7912F62BEE8DE40090FE49 /* Release */ = {
			isa = XCBuildConfiguration;
			buildSettings = {
				ASSETCATALOG_COMPILER_APPICON_NAME = AppIcon;
				ASSETCATALOG_COMPILER_GLOBAL_ACCENT_COLOR_NAME = AccentColor;
				CODE_SIGN_STYLE = Automatic;
				CURRENT_PROJECT_VERSION = 1;
				DEVELOPMENT_ASSET_PATHS = "\"SampleApp/Preview Content\"";
				DEVELOPMENT_TEAM = DUWJQ89TKW;
				ENABLE_PREVIEWS = YES;
				GENERATE_INFOPLIST_FILE = YES;
				INFOPLIST_KEY_NSBluetoothAlwaysUsageDescription = "Allow for Bluetooth use";
				INFOPLIST_KEY_NSBluetoothPeripheralUsageDescription = "please allow using Bluetooth for discovering periperals";
				INFOPLIST_KEY_UIApplicationSceneManifest_Generation = YES;
				INFOPLIST_KEY_UIApplicationSupportsIndirectInputEvents = YES;
				INFOPLIST_KEY_UILaunchScreen_Generation = YES;
				INFOPLIST_KEY_UISupportedInterfaceOrientations_iPad = "UIInterfaceOrientationPortrait UIInterfaceOrientationPortraitUpsideDown UIInterfaceOrientationLandscapeLeft UIInterfaceOrientationLandscapeRight";
				INFOPLIST_KEY_UISupportedInterfaceOrientations_iPhone = "UIInterfaceOrientationPortrait UIInterfaceOrientationLandscapeLeft UIInterfaceOrientationLandscapeRight";
				LD_RUNPATH_SEARCH_PATHS = (
					"$(inherited)",
					"@executable_path/Frameworks",
				);
				MARKETING_VERSION = 1.0;
				PRODUCT_BUNDLE_IDENTIFIER = sample.com.SampleApp;
				PRODUCT_NAME = "$(TARGET_NAME)";
				SWIFT_EMIT_LOC_STRINGS = YES;
				SWIFT_VERSION = 5.0;
				TARGETED_DEVICE_FAMILY = "1,2";
			};
			name = Release;
		};
		6B7912F82BEE8DE40090FE49 /* Debug */ = {
			isa = XCBuildConfiguration;
			buildSettings = {
				ALWAYS_EMBED_SWIFT_STANDARD_LIBRARIES = YES;
				BUNDLE_LOADER = "$(TEST_HOST)";
				CODE_SIGN_STYLE = Automatic;
				CURRENT_PROJECT_VERSION = 1;
				DEVELOPMENT_TEAM = DUWJQ89TKW;
				GENERATE_INFOPLIST_FILE = YES;
				IPHONEOS_DEPLOYMENT_TARGET = 17.4;
				MARKETING_VERSION = 1.0;
				PRODUCT_BUNDLE_IDENTIFIER = sample.com.SampleAppTests;
				PRODUCT_NAME = "$(TARGET_NAME)";
				SWIFT_EMIT_LOC_STRINGS = NO;
				SWIFT_VERSION = 5.0;
				TARGETED_DEVICE_FAMILY = "1,2";
				TEST_HOST = "$(BUILT_PRODUCTS_DIR)/SampleApp.app/$(BUNDLE_EXECUTABLE_FOLDER_PATH)/SampleApp";
			};
			name = Debug;
		};
		6B7912F92BEE8DE40090FE49 /* Release */ = {
			isa = XCBuildConfiguration;
			buildSettings = {
				ALWAYS_EMBED_SWIFT_STANDARD_LIBRARIES = YES;
				BUNDLE_LOADER = "$(TEST_HOST)";
				CODE_SIGN_STYLE = Automatic;
				CURRENT_PROJECT_VERSION = 1;
				DEVELOPMENT_TEAM = DUWJQ89TKW;
				GENERATE_INFOPLIST_FILE = YES;
				IPHONEOS_DEPLOYMENT_TARGET = 17.4;
				MARKETING_VERSION = 1.0;
				PRODUCT_BUNDLE_IDENTIFIER = sample.com.SampleAppTests;
				PRODUCT_NAME = "$(TARGET_NAME)";
				SWIFT_EMIT_LOC_STRINGS = NO;
				SWIFT_VERSION = 5.0;
				TARGETED_DEVICE_FAMILY = "1,2";
				TEST_HOST = "$(BUILT_PRODUCTS_DIR)/SampleApp.app/$(BUNDLE_EXECUTABLE_FOLDER_PATH)/SampleApp";
			};
			name = Release;
		};
		6B7912FB2BEE8DE40090FE49 /* Debug */ = {
			isa = XCBuildConfiguration;
			buildSettings = {
				ALWAYS_EMBED_SWIFT_STANDARD_LIBRARIES = YES;
				CODE_SIGN_STYLE = Automatic;
				CURRENT_PROJECT_VERSION = 1;
				DEVELOPMENT_TEAM = DUWJQ89TKW;
				GENERATE_INFOPLIST_FILE = YES;
				MARKETING_VERSION = 1.0;
				PRODUCT_BUNDLE_IDENTIFIER = sample.com.SampleAppUITests;
				PRODUCT_NAME = "$(TARGET_NAME)";
				SWIFT_EMIT_LOC_STRINGS = NO;
				SWIFT_VERSION = 5.0;
				TARGETED_DEVICE_FAMILY = "1,2";
				TEST_TARGET_NAME = SampleApp;
			};
			name = Debug;
		};
		6B7912FC2BEE8DE40090FE49 /* Release */ = {
			isa = XCBuildConfiguration;
			buildSettings = {
				ALWAYS_EMBED_SWIFT_STANDARD_LIBRARIES = YES;
				CODE_SIGN_STYLE = Automatic;
				CURRENT_PROJECT_VERSION = 1;
				DEVELOPMENT_TEAM = DUWJQ89TKW;
				GENERATE_INFOPLIST_FILE = YES;
				MARKETING_VERSION = 1.0;
				PRODUCT_BUNDLE_IDENTIFIER = sample.com.SampleAppUITests;
				PRODUCT_NAME = "$(TARGET_NAME)";
				SWIFT_EMIT_LOC_STRINGS = NO;
				SWIFT_VERSION = 5.0;
				TARGETED_DEVICE_FAMILY = "1,2";
				TEST_TARGET_NAME = SampleApp;
			};
			name = Release;
		};
/* End XCBuildConfiguration section */

/* Begin XCConfigurationList section */
		6B7912CB2BEE8DE10090FE49 /* Build configuration list for PBXProject "SampleApp" */ = {
			isa = XCConfigurationList;
			buildConfigurations = (
				6B7912F22BEE8DE40090FE49 /* Debug */,
				6B7912F32BEE8DE40090FE49 /* Release */,
			);
			defaultConfigurationIsVisible = 0;
			defaultConfigurationName = Release;
		};
		6B7912F42BEE8DE40090FE49 /* Build configuration list for PBXNativeTarget "SampleApp" */ = {
			isa = XCConfigurationList;
			buildConfigurations = (
				6B7912F52BEE8DE40090FE49 /* Debug */,
				6B7912F62BEE8DE40090FE49 /* Release */,
			);
			defaultConfigurationIsVisible = 0;
			defaultConfigurationName = Release;
		};
		6B7912F72BEE8DE40090FE49 /* Build configuration list for PBXNativeTarget "SampleAppTests" */ = {
			isa = XCConfigurationList;
			buildConfigurations = (
				6B7912F82BEE8DE40090FE49 /* Debug */,
				6B7912F92BEE8DE40090FE49 /* Release */,
			);
			defaultConfigurationIsVisible = 0;
			defaultConfigurationName = Release;
		};
		6B7912FA2BEE8DE40090FE49 /* Build configuration list for PBXNativeTarget "SampleAppUITests" */ = {
			isa = XCConfigurationList;
			buildConfigurations = (
				6B7912FB2BEE8DE40090FE49 /* Debug */,
				6B7912FC2BEE8DE40090FE49 /* Release */,
			);
			defaultConfigurationIsVisible = 0;
			defaultConfigurationName = Release;
		};
/* End XCConfigurationList section */
	};
	rootObject = 6B7912C82BEE8DE10090FE49 /* Project object */;
}
